
Microsoft Visual Studio Solution File, Format Version 12.00
# Visual Studio Version 17
VisualStudioVersion = 17.4.33110.190
MinimumVisualStudioVersion = 10.0.40219.1
Project("{FAE04EC0-301F-11D3-BF4B-00C04F79EFBC}") = "EcoTravel.FligthEngine", "EcoTravel.FligthEngine\EcoTravel.FligthEngine.csproj", "{A9DE2FA2-7B10-4AE5-B2B2-69B3556240D0}"
EndProject
Global
	GlobalSection(SolutionConfigurationPlatforms) = preSolution
		Debug|Any CPU = Debug|Any CPU
		Release|Any CPU = Release|Any CPU
	EndGlobalSection
	GlobalSection(ProjectConfigurationPlatforms) = postSolution
		{A9DE2FA2-7B10-4AE5-B2B2-69B3556240D0}.Debug|Any CPU.ActiveCfg = Debug|Any CPU
		{A9DE2FA2-7B10-4AE5-B2B2-69B3556240D0}.Debug|Any CPU.Build.0 = Debug|Any CPU
		{A9DE2FA2-7B10-4AE5-B2B2-69B3556240D0}.Release|Any CPU.ActiveCfg = Release|Any CPU
		{A9DE2FA2-7B10-4AE5-B2B2-69B3556240D0}.Release|Any CPU.Build.0 = Release|Any CPU
	EndGlobalSection
	GlobalSection(SolutionProperties) = preSolution
		HideSolutionNode = FALSE
	EndGlobalSection
	GlobalSection(ExtensibilityGlobals) = postSolution
		SolutionGuid = {C26D1922-A9A9-41C8-960E-4307356CC767}
	EndGlobalSection
EndGlobal
